
Microsoft Visual Studio Solution File, Format Version 12.00
# Visual Studio 15
VisualStudioVersion = 15.0.26228.4
MinimumVisualStudioVersion = 10.0.40219.1
Project("{FAE04EC0-301F-11D3-BF4B-00C04F79EFBC}") = "MurderSim", "Murder\MurderSim.csproj", "{9614E488-41B7-47E9-9CDF-7B3398306457}"
EndProject
Project("{FAE04EC0-301F-11D3-BF4B-00C04F79EFBC}") = "MurderSimForm", "MurderSimForm\MurderSimForm.csproj", "{343C4573-DFCF-4990-ADA5-DFAC468719EE}"
EndProject
Project("{FAE04EC0-301F-11D3-BF4B-00C04F79EFBC}") = "MurderSim.Tests", "MurderSim.Tests\MurderSim.Tests.csproj", "{8EDF4429-251A-416D-BB68-93F227191BCF}"
EndProject
Global
	GlobalSection(SolutionConfigurationPlatforms) = preSolution
		Debug|Any CPU = Debug|Any CPU
		Release|Any CPU = Release|Any CPU
	EndGlobalSection
	GlobalSection(ProjectConfigurationPlatforms) = postSolution
		{9614E488-41B7-47E9-9CDF-7B3398306457}.Debug|Any CPU.ActiveCfg = Debug|Any CPU
		{9614E488-41B7-47E9-9CDF-7B3398306457}.Debug|Any CPU.Build.0 = Debug|Any CPU
		{9614E488-41B7-47E9-9CDF-7B3398306457}.Release|Any CPU.ActiveCfg = Release|Any CPU
		{9614E488-41B7-47E9-9CDF-7B3398306457}.Release|Any CPU.Build.0 = Release|Any CPU
		{343C4573-DFCF-4990-ADA5-DFAC468719EE}.Debug|Any CPU.ActiveCfg = Debug|Any CPU
		{343C4573-DFCF-4990-ADA5-DFAC468719EE}.Debug|Any CPU.Build.0 = Debug|Any CPU
		{343C4573-DFCF-4990-ADA5-DFAC468719EE}.Release|Any CPU.ActiveCfg = Release|Any CPU
		{343C4573-DFCF-4990-ADA5-DFAC468719EE}.Release|Any CPU.Build.0 = Release|Any CPU
		{8EDF4429-251A-416D-BB68-93F227191BCF}.Debug|Any CPU.ActiveCfg = Debug|Any CPU
		{8EDF4429-251A-416D-BB68-93F227191BCF}.Debug|Any CPU.Build.0 = Debug|Any CPU
		{8EDF4429-251A-416D-BB68-93F227191BCF}.Release|Any CPU.ActiveCfg = Release|Any CPU
		{8EDF4429-251A-416D-BB68-93F227191BCF}.Release|Any CPU.Build.0 = Release|Any CPU
	EndGlobalSection
	GlobalSection(SolutionProperties) = preSolution
		HideSolutionNode = FALSE
	EndGlobalSection
EndGlobal
